
Microsoft Visual Studio Solution File, Format Version 12.00
# Visual Studio Version 17
VisualStudioVersion = 17.14.36414.22
MinimumVisualStudioVersion = 10.0.40219.1
Project("{FAE04EC0-301F-11D3-BF4B-00C04F79EFBC}") = "JordanExceptions", "JprdanExceptions\JordanExceptions.csproj", "{1A705F82-E705-4B2A-BBC9-4BED3C83701F}"
EndProject
Project("{FAE04EC0-301F-11D3-BF4B-00C04F79EFBC}") = "TestProject", "TestProject\TestProject.csproj", "{21998132-CB36-4441-9A97-DA9ABB509058}"
EndProject
Global
	GlobalSection(SolutionConfigurationPlatforms) = preSolution
		Debug|Any CPU = Debug|Any CPU
		Release|Any CPU = Release|Any CPU
	EndGlobalSection
	GlobalSection(ProjectConfigurationPlatforms) = postSolution
		{1A705F82-E705-4B2A-BBC9-4BED3C83701F}.Debug|Any CPU.ActiveCfg = Debug|Any CPU
		{1A705F82-E705-4B2A-BBC9-4BED3C83701F}.Debug|Any CPU.Build.0 = Debug|Any CPU
		{1A705F82-E705-4B2A-BBC9-4BED3C83701F}.Release|Any CPU.ActiveCfg = Release|Any CPU
		{1A705F82-E705-4B2A-BBC9-4BED3C83701F}.Release|Any CPU.Build.0 = Release|Any CPU
		{21998132-CB36-4441-9A97-DA9ABB509058}.Debug|Any CPU.ActiveCfg = Debug|Any CPU
		{21998132-CB36-4441-9A97-DA9ABB509058}.Debug|Any CPU.Build.0 = Debug|Any CPU
		{21998132-CB36-4441-9A97-DA9ABB509058}.Release|Any CPU.ActiveCfg = Release|Any CPU
		{21998132-CB36-4441-9A97-DA9ABB509058}.Release|Any CPU.Build.0 = Release|Any CPU
	EndGlobalSection
	GlobalSection(SolutionProperties) = preSolution
		HideSolutionNode = FALSE
	EndGlobalSection
	GlobalSection(ExtensibilityGlobals) = postSolution
		SolutionGuid = {A7CF9E8E-F7A9-472B-BBBA-42217A946991}
	EndGlobalSection
EndGlobal
